
Microsoft Visual Studio Solution File, Format Version 12.00
# Visual Studio Version 17
VisualStudioVersion = 17.13.35919.96
MinimumVisualStudioVersion = 10.0.40219.1
Project("{FAE04EC0-301F-11D3-BF4B-00C04F79EFBC}") = "Domain", "Domain\Domain.csproj", "{4C892AD0-0BDE-429B-98E6-8DDA469D1ACF}"
EndProject
Project("{FAE04EC0-301F-11D3-BF4B-00C04F79EFBC}") = "Infrastructure", "Infrastructure\Infrastructure.csproj", "{6FEE3160-6A0C-4169-991C-20296F92C6E0}"
EndProject
Project("{FAE04EC0-301F-11D3-BF4B-00C04F79EFBC}") = "Application", "Application\Application.csproj", "{38F07279-71BD-45CD-8DFB-9F99C18E0D2A}"
EndProject
Project("{FAE04EC0-301F-11D3-BF4B-00C04F79EFBC}") = "Controller", "Controller\Controller.csproj", "{24C849B6-BCE3-48B1-8B57-3B020EAABB86}"
EndProject
Global
	GlobalSection(SolutionConfigurationPlatforms) = preSolution
		Debug|Any CPU = Debug|Any CPU
		Release|Any CPU = Release|Any CPU
	EndGlobalSection
	GlobalSection(ProjectConfigurationPlatforms) = postSolution
		{4C892AD0-0BDE-429B-98E6-8DDA469D1ACF}.Debug|Any CPU.ActiveCfg = Debug|Any CPU
		{4C892AD0-0BDE-429B-98E6-8DDA469D1ACF}.Debug|Any CPU.Build.0 = Debug|Any CPU
		{4C892AD0-0BDE-429B-98E6-8DDA469D1ACF}.Release|Any CPU.ActiveCfg = Release|Any CPU
		{4C892AD0-0BDE-429B-98E6-8DDA469D1ACF}.Release|Any CPU.Build.0 = Release|Any CPU
		{6FEE3160-6A0C-4169-991C-20296F92C6E0}.Debug|Any CPU.ActiveCfg = Debug|Any CPU
		{6FEE3160-6A0C-4169-991C-20296F92C6E0}.Debug|Any CPU.Build.0 = Debug|Any CPU
		{6FEE3160-6A0C-4169-991C-20296F92C6E0}.Release|Any CPU.ActiveCfg = Release|Any CPU
		{6FEE3160-6A0C-4169-991C-20296F92C6E0}.Release|Any CPU.Build.0 = Release|Any CPU
		{38F07279-71BD-45CD-8DFB-9F99C18E0D2A}.Debug|Any CPU.ActiveCfg = Debug|Any CPU
		{38F07279-71BD-45CD-8DFB-9F99C18E0D2A}.Debug|Any CPU.Build.0 = Debug|Any CPU
		{38F07279-71BD-45CD-8DFB-9F99C18E0D2A}.Release|Any CPU.ActiveCfg = Release|Any CPU
		{38F07279-71BD-45CD-8DFB-9F99C18E0D2A}.Release|Any CPU.Build.0 = Release|Any CPU
		{24C849B6-BCE3-48B1-8B57-3B020EAABB86}.Debug|Any CPU.ActiveCfg = Debug|Any CPU
		{24C849B6-BCE3-48B1-8B57-3B020EAABB86}.Debug|Any CPU.Build.0 = Debug|Any CPU
		{24C849B6-BCE3-48B1-8B57-3B020EAABB86}.Release|Any CPU.ActiveCfg = Release|Any CPU
		{24C849B6-BCE3-48B1-8B57-3B020EAABB86}.Release|Any CPU.Build.0 = Release|Any CPU
	EndGlobalSection
	GlobalSection(SolutionProperties) = preSolution
		HideSolutionNode = FALSE
	EndGlobalSection
	GlobalSection(ExtensibilityGlobals) = postSolution
		SolutionGuid = {040BEE7A-9240-41FE-A60D-279E7BD1D525}
	EndGlobalSection
EndGlobal
